
Microsoft Visual Studio Solution File, Format Version 12.00
# Visual Studio Version 17
VisualStudioVersion = 17.9.34728.123
MinimumVisualStudioVersion = 10.0.40219.1
Project("{FAE04EC0-301F-11D3-BF4B-00C04F79EFBC}") = "DataStructures", "DataStructures\DataStructures.csproj", "{C35F9A92-A0D9-4656-BD09-81F2E850074D}"
EndProject
Global
	GlobalSection(SolutionConfigurationPlatforms) = preSolution
		Debug|Any CPU = Debug|Any CPU
		Release|Any CPU = Release|Any CPU
	EndGlobalSection
	GlobalSection(ProjectConfigurationPlatforms) = postSolution
		{C35F9A92-A0D9-4656-BD09-81F2E850074D}.Debug|Any CPU.ActiveCfg = Debug|Any CPU
		{C35F9A92-A0D9-4656-BD09-81F2E850074D}.Debug|Any CPU.Build.0 = Debug|Any CPU
		{C35F9A92-A0D9-4656-BD09-81F2E850074D}.Release|Any CPU.ActiveCfg = Release|Any CPU
		{C35F9A92-A0D9-4656-BD09-81F2E850074D}.Release|Any CPU.Build.0 = Release|Any CPU
	EndGlobalSection
	GlobalSection(SolutionProperties) = preSolution
		HideSolutionNode = FALSE
	EndGlobalSection
	GlobalSection(ExtensibilityGlobals) = postSolution
		SolutionGuid = {1282C1B0-1E72-4DD7-A1AD-304225E65E83}
	EndGlobalSection
EndGlobal
